
Microsoft Visual Studio Solution File, Format Version 12.00
# Visual Studio Version 17
VisualStudioVersion = 17.13.35825.156 d17.13
MinimumVisualStudioVersion = 10.0.40219.1
Project("{FAE04EC0-301F-11D3-BF4B-00C04F79EFBC}") = "Diploma", "Diploma\Diploma.csproj", "{B79C2C95-CFFF-4CF0-A749-B95AE44DD5EB}"
EndProject
Global
	GlobalSection(SolutionConfigurationPlatforms) = preSolution
		Debug|Any CPU = Debug|Any CPU
		Release|Any CPU = Release|Any CPU
	EndGlobalSection
	GlobalSection(ProjectConfigurationPlatforms) = postSolution
		{B79C2C95-CFFF-4CF0-A749-B95AE44DD5EB}.Debug|Any CPU.ActiveCfg = Debug|Any CPU
		{B79C2C95-CFFF-4CF0-A749-B95AE44DD5EB}.Debug|Any CPU.Build.0 = Debug|Any CPU
		{B79C2C95-CFFF-4CF0-A749-B95AE44DD5EB}.Release|Any CPU.ActiveCfg = Release|Any CPU
		{B79C2C95-CFFF-4CF0-A749-B95AE44DD5EB}.Release|Any CPU.Build.0 = Release|Any CPU
	EndGlobalSection
	GlobalSection(SolutionProperties) = preSolution
		HideSolutionNode = FALSE
	EndGlobalSection
	GlobalSection(ExtensibilityGlobals) = postSolution
		SolutionGuid = {648946A6-FE12-4862-90E6-DC083F685B4F}
	EndGlobalSection
EndGlobal
